
Microsoft Visual Studio Solution File, Format Version 12.00
# Visual Studio 2013
VisualStudioVersion = 12.0.30324.0
MinimumVisualStudioVersion = 10.0.40219.1
Project("{FAE04EC0-301F-11D3-BF4B-00C04F79EFBC}") = "Common.DataAccess", "Common.DataAccess\Common.DataAccess.csproj", "{04F4A516-412A-4569-B6D0-D775E178FBE6}"
EndProject
Project("{FAE04EC0-301F-11D3-BF4B-00C04F79EFBC}") = "Common.Model", "Common.Model\Common.Model.csproj", "{01312B9E-0329-42E1-924C-622A62A1FEAF}"
EndProject
Project("{FAE04EC0-301F-11D3-BF4B-00C04F79EFBC}") = "RunJammer.WP.UI", "RunJammer.WP8.UI\RunJammer.WP.UI.csproj", "{BD32464A-FDE8-4124-AD94-77E06FDAFE5E}"
EndProject
Project("{FAE04EC0-301F-11D3-BF4B-00C04F79EFBC}") = "RunJammer.WP.ViewModel", "RunJammer.WP.ViewModel\RunJammer.WP.ViewModel.csproj", "{A2EF762A-2899-416E-8988-C07071583E37}"
EndProject
Project("{FAE04EC0-301F-11D3-BF4B-00C04F79EFBC}") = "RunJammer.WP.Model", "RunJammer.WP.Model\RunJammer.WP.Model.csproj", "{3775ED76-F927-459B-A54D-AC95A00FE3FF}"
EndProject
Project("{FAE04EC0-301F-11D3-BF4B-00C04F79EFBC}") = "RunJammer.WP.DataAccess", "RunJammer.WP.DataAccess\RunJammer.WP.DataAccess.csproj", "{CFF89AC7-4CCF-47EE-A793-183D480FE587}"
EndProject
Project("{FAE04EC0-301F-11D3-BF4B-00C04F79EFBC}") = "RunJammer.WP.Messaging", "RunJammer.WP.Messaging\RunJammer.WP.Messaging.csproj", "{11232A3C-185F-4735-93E3-B31C41F85397}"
EndProject
Project("{FAE04EC0-301F-11D3-BF4B-00C04F79EFBC}") = "RunJammer.ModelManagement", "RunJammer.ModelManagement\RunJammer.ModelManagement.csproj", "{77411CB8-31B2-4AFB-829E-2B1EA16237F4}"
EndProject
Project("{FAE04EC0-301F-11D3-BF4B-00C04F79EFBC}") = "RunJammer.WP.TestApp", "RunJammer.WP.TestApp\RunJammer.WP.TestApp.csproj", "{5B353352-61D1-4DF8-BF51-1136A7A93356}"
EndProject
Project("{FAE04EC0-301F-11D3-BF4B-00C04F79EFBC}") = "Common.Controls", "Common.Controls\Common.Controls.csproj", "{FB5AECD5-1142-457F-83A2-B868DDA58FD8}"
EndProject
Project("{F088123C-0E9E-452A-89E6-6BA2F21D5CAC}") = "RunJammer.Design.Model", "RunJammer.Design.Model\RunJammer.Design.Model.modelproj", "{DED4E53C-4398-4999-BA84-DC6C41F4C0F1}"
EndProject
Global
	GlobalSection(TeamFoundationVersionControl) = preSolution
		SccNumberOfProjects = 12
		SccEnterpriseProvider = {4CA58AB2-18FA-4F8D-95D4-32DDF27D184C}
		SccTeamFoundationServer = https://see3.visualstudio.com/defaultcollection
		SccLocalPath0 = .
		SccProjectUniqueName1 = Common.DataAccess\\Common.DataAccess.csproj
		SccProjectName1 = Common.DataAccess
		SccLocalPath1 = Common.DataAccess
		SccProjectUniqueName2 = Common.Model\\Common.Model.csproj
		SccProjectName2 = Common.Model
		SccLocalPath2 = Common.Model
		SccProjectUniqueName3 = RunJammer.WP.DataAccess\\RunJammer.WP.DataAccess.csproj
		SccProjectName3 = RunJammer.WP.DataAccess
		SccLocalPath3 = RunJammer.WP.DataAccess
		SccProjectUniqueName4 = RunJammer.WP.Messaging\\RunJammer.WP.Messaging.csproj
		SccProjectName4 = RunJammer.WP.Messaging
		SccLocalPath4 = RunJammer.WP.Messaging
		SccProjectUniqueName5 = RunJammer.WP.Model\\RunJammer.WP.Model.csproj
		SccProjectName5 = RunJammer.WP.Model
		SccLocalPath5 = RunJammer.WP.Model
		SccProjectUniqueName6 = RunJammer.WP.ViewModel\\RunJammer.WP.ViewModel.csproj
		SccProjectName6 = RunJammer.WP.ViewModel
		SccLocalPath6 = RunJammer.WP.ViewModel
		SccProjectUniqueName7 = RunJammer.WP8.UI\\RunJammer.WP.UI.csproj
		SccProjectName7 = RunJammer.WP8.UI
		SccLocalPath7 = RunJammer.WP8.UI
		SccProjectUniqueName8 = RunJammer.ModelManagement\\RunJammer.ModelManagement.csproj
		SccProjectName8 = RunJammer.ModelManagement
		SccLocalPath8 = RunJammer.ModelManagement
		SccProjectUniqueName9 = RunJammer.WP.TestApp\\RunJammer.WP.TestApp.csproj
		SccProjectName9 = RunJammer.WP.TestApp
		SccLocalPath9 = RunJammer.WP.TestApp
		SccProjectUniqueName10 = Common.Controls\\Common.Controls.csproj
		SccProjectName10 = Common.Controls
		SccLocalPath10 = Common.Controls
		SccProjectUniqueName11 = RunJammer.Design.Model\\RunJammer.Design.Model.modelproj
		SccProjectName11 = RunJammer.Design.Model
		SccLocalPath11 = RunJammer.Design.Model
	EndGlobalSection
	GlobalSection(SolutionConfigurationPlatforms) = preSolution
		Debug|Any CPU = Debug|Any CPU
		Debug|ARM = Debug|ARM
		Debug|Mixed Platforms = Debug|Mixed Platforms
		Debug|x86 = Debug|x86
		Release|Any CPU = Release|Any CPU
		Release|ARM = Release|ARM
		Release|Mixed Platforms = Release|Mixed Platforms
		Release|x86 = Release|x86
	EndGlobalSection
	GlobalSection(ProjectConfigurationPlatforms) = postSolution
		{04F4A516-412A-4569-B6D0-D775E178FBE6}.Debug|Any CPU.ActiveCfg = Debug|Any CPU
		{04F4A516-412A-4569-B6D0-D775E178FBE6}.Debug|Any CPU.Build.0 = Debug|Any CPU
		{04F4A516-412A-4569-B6D0-D775E178FBE6}.Debug|ARM.ActiveCfg = Debug|ARM
		{04F4A516-412A-4569-B6D0-D775E178FBE6}.Debug|ARM.Build.0 = Debug|ARM
		{04F4A516-412A-4569-B6D0-D775E178FBE6}.Debug|Mixed Platforms.ActiveCfg = Debug|Any CPU
		{04F4A516-412A-4569-B6D0-D775E178FBE6}.Debug|Mixed Platforms.Build.0 = Debug|Any CPU
		{04F4A516-412A-4569-B6D0-D775E178FBE6}.Debug|x86.ActiveCfg = Debug|x86
		{04F4A516-412A-4569-B6D0-D775E178FBE6}.Debug|x86.Build.0 = Debug|x86
		{04F4A516-412A-4569-B6D0-D775E178FBE6}.Release|Any CPU.ActiveCfg = Release|Any CPU
		{04F4A516-412A-4569-B6D0-D775E178FBE6}.Release|Any CPU.Build.0 = Release|Any CPU
		{04F4A516-412A-4569-B6D0-D775E178FBE6}.Release|ARM.ActiveCfg = Release|ARM
		{04F4A516-412A-4569-B6D0-D775E178FBE6}.Release|ARM.Build.0 = Release|ARM
		{04F4A516-412A-4569-B6D0-D775E178FBE6}.Release|Mixed Platforms.ActiveCfg = Release|x86
		{04F4A516-412A-4569-B6D0-D775E178FBE6}.Release|Mixed Platforms.Build.0 = Release|x86
		{04F4A516-412A-4569-B6D0-D775E178FBE6}.Release|x86.ActiveCfg = Release|x86
		{04F4A516-412A-4569-B6D0-D775E178FBE6}.Release|x86.Build.0 = Release|x86
		{01312B9E-0329-42E1-924C-622A62A1FEAF}.Debug|Any CPU.ActiveCfg = Debug|Any CPU
		{01312B9E-0329-42E1-924C-622A62A1FEAF}.Debug|Any CPU.Build.0 = Debug|Any CPU
		{01312B9E-0329-42E1-924C-622A62A1FEAF}.Debug|ARM.ActiveCfg = Debug|ARM
		{01312B9E-0329-42E1-924C-622A62A1FEAF}.Debug|ARM.Build.0 = Debug|ARM
		{01312B9E-0329-42E1-924C-622A62A1FEAF}.Debug|Mixed Platforms.ActiveCfg = Debug|x86
		{01312B9E-0329-42E1-924C-622A62A1FEAF}.Debug|Mixed Platforms.Build.0 = Debug|x86
		{01312B9E-0329-42E1-924C-622A62A1FEAF}.Debug|x86.ActiveCfg = Debug|x86
		{01312B9E-0329-42E1-924C-622A62A1FEAF}.Debug|x86.Build.0 = Debug|x86
		{01312B9E-0329-42E1-924C-622A62A1FEAF}.Release|Any CPU.ActiveCfg = Release|Any CPU
		{01312B9E-0329-42E1-924C-622A62A1FEAF}.Release|Any CPU.Build.0 = Release|Any CPU
		{01312B9E-0329-42E1-924C-622A62A1FEAF}.Release|ARM.ActiveCfg = Release|ARM
		{01312B9E-0329-42E1-924C-622A62A1FEAF}.Release|ARM.Build.0 = Release|ARM
		{01312B9E-0329-42E1-924C-622A62A1FEAF}.Release|Mixed Platforms.ActiveCfg = Release|x86
		{01312B9E-0329-42E1-924C-622A62A1FEAF}.Release|Mixed Platforms.Build.0 = Release|x86
		{01312B9E-0329-42E1-924C-622A62A1FEAF}.Release|x86.ActiveCfg = Release|x86
		{01312B9E-0329-42E1-924C-622A62A1FEAF}.Release|x86.Build.0 = Release|x86
		{BD32464A-FDE8-4124-AD94-77E06FDAFE5E}.Debug|Any CPU.ActiveCfg = Debug|Any CPU
		{BD32464A-FDE8-4124-AD94-77E06FDAFE5E}.Debug|Any CPU.Build.0 = Debug|Any CPU
		{BD32464A-FDE8-4124-AD94-77E06FDAFE5E}.Debug|Any CPU.Deploy.0 = Debug|Any CPU
		{BD32464A-FDE8-4124-AD94-77E06FDAFE5E}.Debug|ARM.ActiveCfg = Debug|ARM
		{BD32464A-FDE8-4124-AD94-77E06FDAFE5E}.Debug|ARM.Build.0 = Debug|ARM
		{BD32464A-FDE8-4124-AD94-77E06FDAFE5E}.Debug|ARM.Deploy.0 = Debug|ARM
		{BD32464A-FDE8-4124-AD94-77E06FDAFE5E}.Debug|Mixed Platforms.ActiveCfg = Debug|ARM
		{BD32464A-FDE8-4124-AD94-77E06FDAFE5E}.Debug|Mixed Platforms.Build.0 = Debug|ARM
		{BD32464A-FDE8-4124-AD94-77E06FDAFE5E}.Debug|Mixed Platforms.Deploy.0 = Debug|ARM
		{BD32464A-FDE8-4124-AD94-77E06FDAFE5E}.Debug|x86.ActiveCfg = Debug|x86
		{BD32464A-FDE8-4124-AD94-77E06FDAFE5E}.Debug|x86.Build.0 = Debug|x86
		{BD32464A-FDE8-4124-AD94-77E06FDAFE5E}.Debug|x86.Deploy.0 = Debug|x86
		{BD32464A-FDE8-4124-AD94-77E06FDAFE5E}.Release|Any CPU.ActiveCfg = Release|Any CPU
		{BD32464A-FDE8-4124-AD94-77E06FDAFE5E}.Release|Any CPU.Build.0 = Release|Any CPU
		{BD32464A-FDE8-4124-AD94-77E06FDAFE5E}.Release|Any CPU.Deploy.0 = Release|Any CPU
		{BD32464A-FDE8-4124-AD94-77E06FDAFE5E}.Release|ARM.ActiveCfg = Release|ARM
		{BD32464A-FDE8-4124-AD94-77E06FDAFE5E}.Release|ARM.Build.0 = Release|ARM
		{BD32464A-FDE8-4124-AD94-77E06FDAFE5E}.Release|ARM.Deploy.0 = Release|ARM
		{BD32464A-FDE8-4124-AD94-77E06FDAFE5E}.Release|Mixed Platforms.ActiveCfg = Release|x86
		{BD32464A-FDE8-4124-AD94-77E06FDAFE5E}.Release|Mixed Platforms.Build.0 = Release|x86
		{BD32464A-FDE8-4124-AD94-77E06FDAFE5E}.Release|Mixed Platforms.Deploy.0 = Release|x86
		{BD32464A-FDE8-4124-AD94-77E06FDAFE5E}.Release|x86.ActiveCfg = Release|x86
		{BD32464A-FDE8-4124-AD94-77E06FDAFE5E}.Release|x86.Build.0 = Release|x86
		{BD32464A-FDE8-4124-AD94-77E06FDAFE5E}.Release|x86.Deploy.0 = Release|x86
		{A2EF762A-2899-416E-8988-C07071583E37}.Debug|Any CPU.ActiveCfg = Debug|Any CPU
		{A2EF762A-2899-416E-8988-C07071583E37}.Debug|Any CPU.Build.0 = Debug|Any CPU
		{A2EF762A-2899-416E-8988-C07071583E37}.Debug|ARM.ActiveCfg = Debug|ARM
		{A2EF762A-2899-416E-8988-C07071583E37}.Debug|ARM.Build.0 = Debug|ARM
		{A2EF762A-2899-416E-8988-C07071583E37}.Debug|Mixed Platforms.ActiveCfg = Debug|x86
		{A2EF762A-2899-416E-8988-C07071583E37}.Debug|Mixed Platforms.Build.0 = Debug|x86
		{A2EF762A-2899-416E-8988-C07071583E37}.Debug|x86.ActiveCfg = Debug|x86
		{A2EF762A-2899-416E-8988-C07071583E37}.Debug|x86.Build.0 = Debug|x86
		{A2EF762A-2899-416E-8988-C07071583E37}.Release|Any CPU.ActiveCfg = Release|Any CPU
		{A2EF762A-2899-416E-8988-C07071583E37}.Release|Any CPU.Build.0 = Release|Any CPU
		{A2EF762A-2899-416E-8988-C07071583E37}.Release|ARM.ActiveCfg = Release|ARM
		{A2EF762A-2899-416E-8988-C07071583E37}.Release|ARM.Build.0 = Release|ARM
		{A2EF762A-2899-416E-8988-C07071583E37}.Release|Mixed Platforms.ActiveCfg = Release|x86
		{A2EF762A-2899-416E-8988-C07071583E37}.Release|Mixed Platforms.Build.0 = Release|x86
		{A2EF762A-2899-416E-8988-C07071583E37}.Release|x86.ActiveCfg = Release|x86
		{A2EF762A-2899-416E-8988-C07071583E37}.Release|x86.Build.0 = Release|x86
		{3775ED76-F927-459B-A54D-AC95A00FE3FF}.Debug|Any CPU.ActiveCfg = Debug|Any CPU
		{3775ED76-F927-459B-A54D-AC95A00FE3FF}.Debug|Any CPU.Build.0 = Debug|Any CPU
		{3775ED76-F927-459B-A54D-AC95A00FE3FF}.Debug|ARM.ActiveCfg = Debug|ARM
		{3775ED76-F927-459B-A54D-AC95A00FE3FF}.Debug|ARM.Build.0 = Debug|ARM
		{3775ED76-F927-459B-A54D-AC95A00FE3FF}.Debug|Mixed Platforms.ActiveCfg = Debug|x86
		{3775ED76-F927-459B-A54D-AC95A00FE3FF}.Debug|Mixed Platforms.Build.0 = Debug|x86
		{3775ED76-F927-459B-A54D-AC95A00FE3FF}.Debug|x86.ActiveCfg = Debug|x86
		{3775ED76-F927-459B-A54D-AC95A00FE3FF}.Debug|x86.Build.0 = Debug|x86
		{3775ED76-F927-459B-A54D-AC95A00FE3FF}.Release|Any CPU.ActiveCfg = Release|Any CPU
		{3775ED76-F927-459B-A54D-AC95A00FE3FF}.Release|Any CPU.Build.0 = Release|Any CPU
		{3775ED76-F927-459B-A54D-AC95A00FE3FF}.Release|ARM.ActiveCfg = Release|ARM
		{3775ED76-F927-459B-A54D-AC95A00FE3FF}.Release|ARM.Build.0 = Release|ARM
		{3775ED76-F927-459B-A54D-AC95A00FE3FF}.Release|Mixed Platforms.ActiveCfg = Release|x86
		{3775ED76-F927-459B-A54D-AC95A00FE3FF}.Release|Mixed Platforms.Build.0 = Release|x86
		{3775ED76-F927-459B-A54D-AC95A00FE3FF}.Release|x86.ActiveCfg = Release|x86
		{3775ED76-F927-459B-A54D-AC95A00FE3FF}.Release|x86.Build.0 = Release|x86
		{CFF89AC7-4CCF-47EE-A793-183D480FE587}.Debug|Any CPU.ActiveCfg = Debug|Any CPU
		{CFF89AC7-4CCF-47EE-A793-183D480FE587}.Debug|Any CPU.Build.0 = Debug|Any CPU
		{CFF89AC7-4CCF-47EE-A793-183D480FE587}.Debug|ARM.ActiveCfg = Debug|ARM
		{CFF89AC7-4CCF-47EE-A793-183D480FE587}.Debug|ARM.Build.0 = Debug|ARM
		{CFF89AC7-4CCF-47EE-A793-183D480FE587}.Debug|Mixed Platforms.ActiveCfg = Debug|x86
		{CFF89AC7-4CCF-47EE-A793-183D480FE587}.Debug|Mixed Platforms.Build.0 = Debug|x86
		{CFF89AC7-4CCF-47EE-A793-183D480FE587}.Debug|x86.ActiveCfg = Debug|x86
		{CFF89AC7-4CCF-47EE-A793-183D480FE587}.Debug|x86.Build.0 = Debug|x86
		{CFF89AC7-4CCF-47EE-A793-183D480FE587}.Release|Any CPU.ActiveCfg = Release|Any CPU
		{CFF89AC7-4CCF-47EE-A793-183D480FE587}.Release|Any CPU.Build.0 = Release|Any CPU
		{CFF89AC7-4CCF-47EE-A793-183D480FE587}.Release|ARM.ActiveCfg = Release|ARM
		{CFF89AC7-4CCF-47EE-A793-183D480FE587}.Release|ARM.Build.0 = Release|ARM
		{CFF89AC7-4CCF-47EE-A793-183D480FE587}.Release|Mixed Platforms.ActiveCfg = Release|x86
		{CFF89AC7-4CCF-47EE-A793-183D480FE587}.Release|Mixed Platforms.Build.0 = Release|x86
		{CFF89AC7-4CCF-47EE-A793-183D480FE587}.Release|x86.ActiveCfg = Release|x86
		{CFF89AC7-4CCF-47EE-A793-183D480FE587}.Release|x86.Build.0 = Release|x86
		{11232A3C-185F-4735-93E3-B31C41F85397}.Debug|Any CPU.ActiveCfg = Debug|Any CPU
		{11232A3C-185F-4735-93E3-B31C41F85397}.Debug|Any CPU.Build.0 = Debug|Any CPU
		{11232A3C-185F-4735-93E3-B31C41F85397}.Debug|ARM.ActiveCfg = Debug|ARM
		{11232A3C-185F-4735-93E3-B31C41F85397}.Debug|ARM.Build.0 = Debug|ARM
		{11232A3C-185F-4735-93E3-B31C41F85397}.Debug|Mixed Platforms.ActiveCfg = Debug|x86
		{11232A3C-185F-4735-93E3-B31C41F85397}.Debug|Mixed Platforms.Build.0 = Debug|x86
		{11232A3C-185F-4735-93E3-B31C41F85397}.Debug|x86.ActiveCfg = Debug|x86
		{11232A3C-185F-4735-93E3-B31C41F85397}.Debug|x86.Build.0 = Debug|x86
		{11232A3C-185F-4735-93E3-B31C41F85397}.Release|Any CPU.ActiveCfg = Release|Any CPU
		{11232A3C-185F-4735-93E3-B31C41F85397}.Release|Any CPU.Build.0 = Release|Any CPU
		{11232A3C-185F-4735-93E3-B31C41F85397}.Release|ARM.ActiveCfg = Release|ARM
		{11232A3C-185F-4735-93E3-B31C41F85397}.Release|ARM.Build.0 = Release|ARM
		{11232A3C-185F-4735-93E3-B31C41F85397}.Release|Mixed Platforms.ActiveCfg = Release|x86
		{11232A3C-185F-4735-93E3-B31C41F85397}.Release|Mixed Platforms.Build.0 = Release|x86
		{11232A3C-185F-4735-93E3-B31C41F85397}.Release|x86.ActiveCfg = Release|x86
		{11232A3C-185F-4735-93E3-B31C41F85397}.Release|x86.Build.0 = Release|x86
		{77411CB8-31B2-4AFB-829E-2B1EA16237F4}.Debug|Any CPU.ActiveCfg = Debug|Any CPU
		{77411CB8-31B2-4AFB-829E-2B1EA16237F4}.Debug|Any CPU.Build.0 = Debug|Any CPU
		{77411CB8-31B2-4AFB-829E-2B1EA16237F4}.Debug|ARM.ActiveCfg = Debug|ARM
		{77411CB8-31B2-4AFB-829E-2B1EA16237F4}.Debug|ARM.Build.0 = Debug|ARM
		{77411CB8-31B2-4AFB-829E-2B1EA16237F4}.Debug|Mixed Platforms.ActiveCfg = Debug|Any CPU
		{77411CB8-31B2-4AFB-829E-2B1EA16237F4}.Debug|Mixed Platforms.Build.0 = Debug|Any CPU
		{77411CB8-31B2-4AFB-829E-2B1EA16237F4}.Debug|x86.ActiveCfg = Debug|x86
		{77411CB8-31B2-4AFB-829E-2B1EA16237F4}.Debug|x86.Build.0 = Debug|x86
		{77411CB8-31B2-4AFB-829E-2B1EA16237F4}.Release|Any CPU.ActiveCfg = Release|Any CPU
		{77411CB8-31B2-4AFB-829E-2B1EA16237F4}.Release|Any CPU.Build.0 = Release|Any CPU
		{77411CB8-31B2-4AFB-829E-2B1EA16237F4}.Release|ARM.ActiveCfg = Release|ARM
		{77411CB8-31B2-4AFB-829E-2B1EA16237F4}.Release|ARM.Build.0 = Release|ARM
		{77411CB8-31B2-4AFB-829E-2B1EA16237F4}.Release|Mixed Platforms.ActiveCfg = Release|x86
		{77411CB8-31B2-4AFB-829E-2B1EA16237F4}.Release|Mixed Platforms.Build.0 = Release|x86
		{77411CB8-31B2-4AFB-829E-2B1EA16237F4}.Release|x86.ActiveCfg = Release|x86
		{77411CB8-31B2-4AFB-829E-2B1EA16237F4}.Release|x86.Build.0 = Release|x86
		{5B353352-61D1-4DF8-BF51-1136A7A93356}.Debug|Any CPU.ActiveCfg = Debug|ARM
		{5B353352-61D1-4DF8-BF51-1136A7A93356}.Debug|Any CPU.Build.0 = Debug|ARM
		{5B353352-61D1-4DF8-BF51-1136A7A93356}.Debug|ARM.ActiveCfg = Debug|ARM
		{5B353352-61D1-4DF8-BF51-1136A7A93356}.Debug|ARM.Build.0 = Debug|ARM
		{5B353352-61D1-4DF8-BF51-1136A7A93356}.Debug|ARM.Deploy.0 = Debug|ARM
		{5B353352-61D1-4DF8-BF51-1136A7A93356}.Debug|Mixed Platforms.ActiveCfg = Debug|x86
		{5B353352-61D1-4DF8-BF51-1136A7A93356}.Debug|Mixed Platforms.Build.0 = Debug|x86
		{5B353352-61D1-4DF8-BF51-1136A7A93356}.Debug|Mixed Platforms.Deploy.0 = Debug|x86
		{5B353352-61D1-4DF8-BF51-1136A7A93356}.Debug|x86.ActiveCfg = Debug|x86
		{5B353352-61D1-4DF8-BF51-1136A7A93356}.Debug|x86.Build.0 = Debug|x86
		{5B353352-61D1-4DF8-BF51-1136A7A93356}.Debug|x86.Deploy.0 = Debug|x86
		{5B353352-61D1-4DF8-BF51-1136A7A93356}.Release|Any CPU.ActiveCfg = Release|x86
		{5B353352-61D1-4DF8-BF51-1136A7A93356}.Release|ARM.ActiveCfg = Release|ARM
		{5B353352-61D1-4DF8-BF51-1136A7A93356}.Release|ARM.Build.0 = Release|ARM
		{5B353352-61D1-4DF8-BF51-1136A7A93356}.Release|ARM.Deploy.0 = Release|ARM
		{5B353352-61D1-4DF8-BF51-1136A7A93356}.Release|Mixed Platforms.ActiveCfg = Release|x86
		{5B353352-61D1-4DF8-BF51-1136A7A93356}.Release|Mixed Platforms.Build.0 = Release|x86
		{5B353352-61D1-4DF8-BF51-1136A7A93356}.Release|Mixed Platforms.Deploy.0 = Release|x86
		{5B353352-61D1-4DF8-BF51-1136A7A93356}.Release|x86.ActiveCfg = Release|x86
		{5B353352-61D1-4DF8-BF51-1136A7A93356}.Release|x86.Build.0 = Release|x86
		{5B353352-61D1-4DF8-BF51-1136A7A93356}.Release|x86.Deploy.0 = Release|x86
		{FB5AECD5-1142-457F-83A2-B868DDA58FD8}.Debug|Any CPU.ActiveCfg = Debug|Any CPU
		{FB5AECD5-1142-457F-83A2-B868DDA58FD8}.Debug|Any CPU.Build.0 = Debug|Any CPU
		{FB5AECD5-1142-457F-83A2-B868DDA58FD8}.Debug|ARM.ActiveCfg = Debug|ARM
		{FB5AECD5-1142-457F-83A2-B868DDA58FD8}.Debug|ARM.Build.0 = Debug|ARM
		{FB5AECD5-1142-457F-83A2-B868DDA58FD8}.Debug|Mixed Platforms.ActiveCfg = Debug|Any CPU
		{FB5AECD5-1142-457F-83A2-B868DDA58FD8}.Debug|Mixed Platforms.Build.0 = Debug|Any CPU
		{FB5AECD5-1142-457F-83A2-B868DDA58FD8}.Debug|x86.ActiveCfg = Debug|x86
		{FB5AECD5-1142-457F-83A2-B868DDA58FD8}.Debug|x86.Build.0 = Debug|x86
		{FB5AECD5-1142-457F-83A2-B868DDA58FD8}.Release|Any CPU.ActiveCfg = Release|Any CPU
		{FB5AECD5-1142-457F-83A2-B868DDA58FD8}.Release|Any CPU.Build.0 = Release|Any CPU
		{FB5AECD5-1142-457F-83A2-B868DDA58FD8}.Release|ARM.ActiveCfg = Release|ARM
		{FB5AECD5-1142-457F-83A2-B868DDA58FD8}.Release|ARM.Build.0 = Release|ARM
		{FB5AECD5-1142-457F-83A2-B868DDA58FD8}.Release|Mixed Platforms.ActiveCfg = Release|x86
		{FB5AECD5-1142-457F-83A2-B868DDA58FD8}.Release|Mixed Platforms.Build.0 = Release|x86
		{FB5AECD5-1142-457F-83A2-B868DDA58FD8}.Release|x86.ActiveCfg = Release|x86
		{FB5AECD5-1142-457F-83A2-B868DDA58FD8}.Release|x86.Build.0 = Release|x86
		{DED4E53C-4398-4999-BA84-DC6C41F4C0F1}.Debug|Any CPU.ActiveCfg = Debug|Any CPU
		{DED4E53C-4398-4999-BA84-DC6C41F4C0F1}.Debug|Any CPU.Build.0 = Debug|Any CPU
		{DED4E53C-4398-4999-BA84-DC6C41F4C0F1}.Debug|ARM.ActiveCfg = Debug|Any CPU
		{DED4E53C-4398-4999-BA84-DC6C41F4C0F1}.Debug|Mixed Platforms.ActiveCfg = Debug|Any CPU
		{DED4E53C-4398-4999-BA84-DC6C41F4C0F1}.Debug|Mixed Platforms.Build.0 = Debug|Any CPU
		{DED4E53C-4398-4999-BA84-DC6C41F4C0F1}.Debug|x86.ActiveCfg = Debug|Any CPU
		{DED4E53C-4398-4999-BA84-DC6C41F4C0F1}.Release|Any CPU.ActiveCfg = Release|Any CPU
		{DED4E53C-4398-4999-BA84-DC6C41F4C0F1}.Release|Any CPU.Build.0 = Release|Any CPU
		{DED4E53C-4398-4999-BA84-DC6C41F4C0F1}.Release|ARM.ActiveCfg = Release|Any CPU
		{DED4E53C-4398-4999-BA84-DC6C41F4C0F1}.Release|Mixed Platforms.ActiveCfg = Release|Any CPU
		{DED4E53C-4398-4999-BA84-DC6C41F4C0F1}.Release|Mixed Platforms.Build.0 = Release|Any CPU
		{DED4E53C-4398-4999-BA84-DC6C41F4C0F1}.Release|x86.ActiveCfg = Release|Any CPU
	EndGlobalSection
	GlobalSection(SolutionProperties) = preSolution
		HideSolutionNode = FALSE
	EndGlobalSection
EndGlobal
